
Microsoft Visual Studio Solution File, Format Version 12.00
# Visual Studio Version 17
VisualStudioVersion = 17.4.33213.308
MinimumVisualStudioVersion = 10.0.40219.1
Project("{FAE04EC0-301F-11D3-BF4B-00C04F79EFBC}") = "WebApplication3", "WebApplication3\WebApplication3.csproj", "{ECC8E060-F2B8-4F8A-A5EA-7789A9DAB82E}"
EndProject
Global
	GlobalSection(SolutionConfigurationPlatforms) = preSolution
		Debug|Any CPU = Debug|Any CPU
		Release|Any CPU = Release|Any CPU
	EndGlobalSection
	GlobalSection(ProjectConfigurationPlatforms) = postSolution
		{ECC8E060-F2B8-4F8A-A5EA-7789A9DAB82E}.Debug|Any CPU.ActiveCfg = Debug|Any CPU
		{ECC8E060-F2B8-4F8A-A5EA-7789A9DAB82E}.Debug|Any CPU.Build.0 = Debug|Any CPU
		{ECC8E060-F2B8-4F8A-A5EA-7789A9DAB82E}.Release|Any CPU.ActiveCfg = Release|Any CPU
		{ECC8E060-F2B8-4F8A-A5EA-7789A9DAB82E}.Release|Any CPU.Build.0 = Release|Any CPU
	EndGlobalSection
	GlobalSection(SolutionProperties) = preSolution
		HideSolutionNode = FALSE
	EndGlobalSection
	GlobalSection(ExtensibilityGlobals) = postSolution
		SolutionGuid = {DB69772E-3DF7-45DB-9DA7-BE9FD1E5824D}
	EndGlobalSection
EndGlobal
